
Microsoft Visual Studio Solution File, Format Version 12.00
# Visual Studio Version 17
VisualStudioVersion = 17.4.33205.214
MinimumVisualStudioVersion = 10.0.40219.1
Project("{888888A0-9F3D-457C-B088-3A5042F75D52}") = "KT", "KT\KT.pyproj", "{E432D4C4-A4E3-4E71-BF59-442EE9209AEE}"
EndProject
Global
	GlobalSection(SolutionConfigurationPlatforms) = preSolution
		Debug|Any CPU = Debug|Any CPU
		Release|Any CPU = Release|Any CPU
	EndGlobalSection
	GlobalSection(ProjectConfigurationPlatforms) = postSolution
		{E432D4C4-A4E3-4E71-BF59-442EE9209AEE}.Debug|Any CPU.ActiveCfg = Debug|Any CPU
		{E432D4C4-A4E3-4E71-BF59-442EE9209AEE}.Release|Any CPU.ActiveCfg = Release|Any CPU
	EndGlobalSection
	GlobalSection(SolutionProperties) = preSolution
		HideSolutionNode = FALSE
	EndGlobalSection
	GlobalSection(ExtensibilityGlobals) = postSolution
		SolutionGuid = {2106904D-6677-4384-BFC0-B7218031793E}
	EndGlobalSection
EndGlobal
